{
  "name": "praxis-skills",
  "version": "0.4.0-beta.1",
  "lockfileVersion": 3,
  "requires": true,
  "packages": {
    "": {
      "name": "praxis-skills",
      "version": "0.4.0-beta.1",
      "license": "MIT",
      "bin": {
        "praxis-skills": "bin/praxis-skills.mjs"
      },
      "engines": {
        "node": ">=22"
      }
    }
  }
}
